
Microsoft Visual Studio Solution File, Format Version 12.00
# Visual Studio Version 17
VisualStudioVersion = 17.0.31903.59
MinimumVisualStudioVersion = 10.0.40219.1
Project("{2150E333-8FDC-42A3-9474-1A3956D46DE8}") = "src", "src", "{83B87744-A4AA-4A48-B273-59491BA10F55}"
EndProject
Project("{FAE04EC0-301F-11D3-BF4B-00C04F79EFBC}") = "Ussd.Gateway", "src\Ussd.Gateway\Ussd.Gateway.csproj", "{6650A496-517C-4959-B457-2F6744058F4F}"
EndProject
Project("{2150E333-8FDC-42A3-9474-1A3956D46DE8}") = "tests", "tests", "{32DD8273-55A9-4D12-97B9-571195CBDB2F}"
EndProject
Project("{FAE04EC0-301F-11D3-BF4B-00C04F79EFBC}") = "Ussd.Gateway.Tests", "tests\Ussd.Gateway.Tests\Ussd.Gateway.Tests.csproj", "{2B8116D8-3DD9-4327-ACF1-76F6396EF562}"
EndProject
Global
	GlobalSection(SolutionConfigurationPlatforms) = preSolution
		Debug|Any CPU = Debug|Any CPU
		Release|Any CPU = Release|Any CPU
	EndGlobalSection
	GlobalSection(SolutionProperties) = preSolution
		HideSolutionNode = FALSE
	EndGlobalSection
	GlobalSection(ProjectConfigurationPlatforms) = postSolution
		{6650A496-517C-4959-B457-2F6744058F4F}.Debug|Any CPU.ActiveCfg = Debug|Any CPU
		{6650A496-517C-4959-B457-2F6744058F4F}.Debug|Any CPU.Build.0 = Debug|Any CPU
		{6650A496-517C-4959-B457-2F6744058F4F}.Release|Any CPU.ActiveCfg = Release|Any CPU
		{6650A496-517C-4959-B457-2F6744058F4F}.Release|Any CPU.Build.0 = Release|Any CPU
		{2B8116D8-3DD9-4327-ACF1-76F6396EF562}.Debug|Any CPU.ActiveCfg = Debug|Any CPU
		{2B8116D8-3DD9-4327-ACF1-76F6396EF562}.Debug|Any CPU.Build.0 = Debug|Any CPU
		{2B8116D8-3DD9-4327-ACF1-76F6396EF562}.Release|Any CPU.ActiveCfg = Release|Any CPU
		{2B8116D8-3DD9-4327-ACF1-76F6396EF562}.Release|Any CPU.Build.0 = Release|Any CPU
	EndGlobalSection
	GlobalSection(NestedProjects) = preSolution
		{6650A496-517C-4959-B457-2F6744058F4F} = {83B87744-A4AA-4A48-B273-59491BA10F55}
		{2B8116D8-3DD9-4327-ACF1-76F6396EF562} = {32DD8273-55A9-4D12-97B9-571195CBDB2F}
	EndGlobalSection
EndGlobal
